// !$*UTF8*$!
{
	archiveVersion = 1;
	classes = {
	};
	objectVersion = 46;
	objects = {

/* Begin PBXBuildFile section */
		230065F821918C5300EA3601 /* sss@2x.png in Resources */ = {isa = PBXBuildFile; fileRef = 230065F721918C5300EA3601 /* sss@2x.png */; };
		230065FB21918CAD00EA3601 /* KTPageControl.m in Sources */ = {isa = PBXBuildFile; fileRef = 230065F921918CAD00EA3601 /* KTPageControl.m */; };
		D61AAE671D20D685001FFFDB /* main.m in Sources */ = {isa = PBXBuildFile; fileRef = D61AAE661D20D685001FFFDB /* main.m */; };
		D61AAE6A1D20D685001FFFDB /* AppDelegate.m in Sources */ = {isa = PBXBuildFile; fileRef = D61AAE691D20D685001FFFDB /* AppDelegate.m */; };
		D61AAE6D1D20D685001FFFDB /* ViewController.m in Sources */ = {isa = PBXBuildFile; fileRef = D61AAE6C1D20D685001FFFDB /* ViewController.m */; };
		D61AAE721D20D685001FFFDB /* Assets.xcassets in Resources */ = {isa = PBXBuildFile; fileRef = D61AAE711D20D685001FFFDB /* Assets.xcassets */; };
		D61AAE751D20D685001FFFDB /* LaunchScreen.storyboard in Resources */ = {isa = PBXBuildFile; fileRef = D61AAE731D20D685001FFFDB /* LaunchScreen.storyboard */; };
		D61AAE881D20D828001FFFDB /* CommonUtil.m in Sources */ = {isa = PBXBuildFile; fileRef = D61AAE801D20D828001FFFDB /* CommonUtil.m */; };
		D61AAE891D20D828001FFFDB /* Global.m in Sources */ = {isa = PBXBuildFile; fileRef = D61AAE831D20D828001FFFDB /* Global.m */; };
		D61AAE8A1D20D828001FFFDB /* NSStringUtil.m in Sources */ = {isa = PBXBuildFile; fileRef = D61AAE871D20D828001FFFDB /* NSStringUtil.m */; };
		D61AAE8D1D20D90C001FFFDB /* BannerView.m in Sources */ = {isa = PBXBuildFile; fileRef = D61AAE8C1D20D90C001FFFDB /* BannerView.m */; };
/* End PBXBuildFile section */

/* Begin PBXFileReference section */
		230065F721918C5300EA3601 /* sss@2x.png */ = {isa = PBXFileReference; lastKnownFileType = image.png; path = "sss@2x.png"; sourceTree = "<group>"; };
		230065F921918CAD00EA3601 /* KTPageControl.m */ = {isa = PBXFileReference; fileEncoding = 4; lastKnownFileType = sourcecode.c.objc; path = KTPageControl.m; sourceTree = "<group>"; };
		230065FA21918CAD00EA3601 /* KTPageControl.h */ = {isa = PBXFileReference; fileEncoding = 4; lastKnownFileType = sourcecode.c.h; path = KTPageControl.h; sourceTree = "<group>"; };
		D61AAE621D20D685001FFFDB /* TestBanner.app */ = {isa = PBXFileReference; explicitFileType = wrapper.application; includeInIndex = 0; path = TestBanner.app; sourceTree = BUILT_PRODUCTS_DIR; };
		D61AAE661D20D685001FFFDB /* main.m */ = {isa = PBXFileReference; lastKnownFileType = sourcecode.c.objc; path = main.m; sourceTree = "<group>"; };
		D61AAE681D20D685001FFFDB /* AppDelegate.h */ = {isa = PBXFileReference; lastKnownFileType = sourcecode.c.h; path = AppDelegate.h; sourceTree = "<group>"; };
		D61AAE691D20D685001FFFDB /* AppDelegate.m */ = {isa = PBXFileReference; lastKnownFileType = sourcecode.c.objc; path = AppDelegate.m; sourceTree = "<group>"; };
		D61AAE6B1D20D685001FFFDB /* ViewController.h */ = {isa = PBXFileReference; lastKnownFileType = sourcecode.c.h; path = ViewController.h; sourceTree = "<group>"; };
		D61AAE6C1D20D685001FFFDB /* ViewController.m */ = {isa = PBXFileReference; lastKnownFileType = sourcecode.c.objc; path = ViewController.m; sourceTree = "<group>"; };
		D61AAE711D20D685001FFFDB /* Assets.xcassets */ = {isa = PBXFileReference; lastKnownFileType = folder.assetcatalog; path = Assets.xcassets; sourceTree = "<group>"; };
		D61AAE741D20D685001FFFDB /* Base */ = {isa = PBXFileReference; lastKnownFileType = file.storyboard; name = Base; path = Base.lproj/LaunchScreen.storyboard; sourceTree = "<group>"; };
		D61AAE761D20D685001FFFDB /* Info.plist */ = {isa = PBXFileReference; lastKnownFileType = text.plist.xml; path = Info.plist; sourceTree = "<group>"; };
		D61AAE7D1D20D828001FFFDB /* CommonDefine.h */ = {isa = PBXFileReference; fileEncoding = 4; lastKnownFileType = sourcecode.c.h; path = CommonDefine.h; sourceTree = "<group>"; };
		D61AAE7F1D20D828001FFFDB /* CommonUtil.h */ = {isa = PBXFileReference; fileEncoding = 4; lastKnownFileType = sourcecode.c.h; path = CommonUtil.h; sourceTree = "<group>"; };
		D61AAE801D20D828001FFFDB /* CommonUtil.m */ = {isa = PBXFileReference; fileEncoding = 4; lastKnownFileType = sourcecode.c.objc; path = CommonUtil.m; sourceTree = "<group>"; };
		D61AAE821D20D828001FFFDB /* Global.h */ = {isa = PBXFileReference; fileEncoding = 4; lastKnownFileType = sourcecode.c.h; path = Global.h; sourceTree = "<group>"; };
		D61AAE831D20D828001FFFDB /* Global.m */ = {isa = PBXFileReference; fileEncoding = 4; lastKnownFileType = sourcecode.c.objc; path = Global.m; sourceTree = "<group>"; };
		D61AAE841D20D828001FFFDB /* NetworkDefine.h */ = {isa = PBXFileReference; fileEncoding = 4; lastKnownFileType = sourcecode.c.h; path = NetworkDefine.h; sourceTree = "<group>"; };
		D61AAE861D20D828001FFFDB /* NSStringUtil.h */ = {isa = PBXFileReference; fileEncoding = 4; lastKnownFileType = sourcecode.c.h; path = NSStringUtil.h; sourceTree = "<group>"; };
		D61AAE871D20D828001FFFDB /* NSStringUtil.m */ = {isa = PBXFileReference; fileEncoding = 4; lastKnownFileType = sourcecode.c.objc; path = NSStringUtil.m; sourceTree = "<group>"; };
		D61AAE8B1D20D90C001FFFDB /* BannerView.h */ = {isa = PBXFileReference; fileEncoding = 4; lastKnownFileType = sourcecode.c.h; path = BannerView.h; sourceTree = "<group>"; };
		D61AAE8C1D20D90C001FFFDB /* BannerView.m */ = {isa = PBXFileReference; fileEncoding = 4; lastKnownFileType = sourcecode.c.objc; path = BannerView.m; sourceTree = "<group>"; };
/* End PBXFileReference section */

/* Begin PBXFrameworksBuildPhase section */
		D61AAE5F1D20D685001FFFDB /* Frameworks */ = {
			isa = PBXFrameworksBuildPhase;
			buildActionMask = 2147483647;
			files = (
			);
			runOnlyForDeploymentPostprocessing = 0;
		};
/* End PBXFrameworksBuildPhase section */

/* Begin PBXGroup section */
		D61AAE591D20D685001FFFDB = {
			isa = PBXGroup;
			children = (
				D61AAE641D20D685001FFFDB /* TestBanner */,
				D61AAE631D20D685001FFFDB /* Products */,
			);
			sourceTree = "<group>";
		};
		D61AAE631D20D685001FFFDB /* Products */ = {
			isa = PBXGroup;
			children = (
				D61AAE621D20D685001FFFDB /* TestBanner.app */,
			);
			name = Products;
			sourceTree = "<group>";
		};
		D61AAE641D20D685001FFFDB /* TestBanner */ = {
			isa = PBXGroup;
			children = (
				230065FA21918CAD00EA3601 /* KTPageControl.h */,
				230065F921918CAD00EA3601 /* KTPageControl.m */,
				230065F721918C5300EA3601 /* sss@2x.png */,
				D61AAE8B1D20D90C001FFFDB /* BannerView.h */,
				D61AAE8C1D20D90C001FFFDB /* BannerView.m */,
				D61AAE7C1D20D828001FFFDB /* Common */,
				D61AAE681D20D685001FFFDB /* AppDelegate.h */,
				D61AAE691D20D685001FFFDB /* AppDelegate.m */,
				D61AAE6B1D20D685001FFFDB /* ViewController.h */,
				D61AAE6C1D20D685001FFFDB /* ViewController.m */,
				D61AAE711D20D685001FFFDB /* Assets.xcassets */,
				D61AAE731D20D685001FFFDB /* LaunchScreen.storyboard */,
				D61AAE761D20D685001FFFDB /* Info.plist */,
				D61AAE651D20D685001FFFDB /* Supporting Files */,
			);
			path = TestBanner;
			sourceTree = "<group>";
		};
		D61AAE651D20D685001FFFDB /* Supporting Files */ = {
			isa = PBXGroup;
			children = (
				D61AAE661D20D685001FFFDB /* main.m */,
			);
			name = "Supporting Files";
			sourceTree = "<group>";
		};
		D61AAE7C1D20D828001FFFDB /* Common */ = {
			isa = PBXGroup;
			children = (
				D61AAE7D1D20D828001FFFDB /* CommonDefine.h */,
				D61AAE7E1D20D828001FFFDB /* CommonUtil */,
				D61AAE811D20D828001FFFDB /* Global */,
				D61AAE841D20D828001FFFDB /* NetworkDefine.h */,
				D61AAE851D20D828001FFFDB /* NSStringUtil */,
			);
			path = Common;
			sourceTree = "<group>";
		};
		D61AAE7E1D20D828001FFFDB /* CommonUtil */ = {
			isa = PBXGroup;
			children = (
				D61AAE7F1D20D828001FFFDB /* CommonUtil.h */,
				D61AAE801D20D828001FFFDB /* CommonUtil.m */,
			);
			path = CommonUtil;
			sourceTree = "<group>";
		};
		D61AAE811D20D828001FFFDB /* Global */ = {
			isa = PBXGroup;
			children = (
				D61AAE821D20D828001FFFDB /* Global.h */,
				D61AAE831D20D828001FFFDB /* Global.m */,
			);
			path = Global;
			sourceTree = "<group>";
		};
		D61AAE851D20D828001FFFDB /* NSStringUtil */ = {
			isa = PBXGroup;
			children = (
				D61AAE861D20D828001FFFDB /* NSStringUtil.h */,
				D61AAE871D20D828001FFFDB /* NSStringUtil.m */,
			);
			path = NSStringUtil;
			sourceTree = "<group>";
		};
/* End PBXGroup section */

/* Begin PBXNativeTarget section */
		D61AAE611D20D685001FFFDB /* TestBanner */ = {
			isa = PBXNativeTarget;
			buildConfigurationList = D61AAE791D20D685001FFFDB /* Build configuration list for PBXNativeTarget "TestBanner" */;
			buildPhases = (
				D61AAE5E1D20D685001FFFDB /* Sources */,
				D61AAE5F1D20D685001FFFDB /* Frameworks */,
				D61AAE601D20D685001FFFDB /* Resources */,
			);
			buildRules = (
			);
			dependencies = (
			);
			name = TestBanner;
			productName = TestBanner;
			productReference = D61AAE621D20D685001FFFDB /* TestBanner.app */;
			productType = "com.apple.product-type.application";
		};
/* End PBXNativeTarget section */

/* Begin PBXProject section */
		D61AAE5A1D20D685001FFFDB /* Project object */ = {
			isa = PBXProject;
			attributes = {
				LastUpgradeCheck = 0730;
				ORGANIZATIONNAME = ghm;
				TargetAttributes = {
					D61AAE611D20D685001FFFDB = {
						CreatedOnToolsVersion = 7.3.1;
					};
				};
			};
			buildConfigurationList = D61AAE5D1D20D685001FFFDB /* Build configuration list for PBXProject "TestBanner" */;
			compatibilityVersion = "Xcode 3.2";
			developmentRegion = English;
			hasScannedForEncodings = 0;
			knownRegions = (
				en,
				Base,
			);
			mainGroup = D61AAE591D20D685001FFFDB;
			productRefGroup = D61AAE631D20D685001FFFDB /* Products */;
			projectDirPath = "";
			projectRoot = "";
			targets = (
				D61AAE611D20D685001FFFDB /* TestBanner */,
			);
		};
/* End PBXProject section */

/* Begin PBXResourcesBuildPhase section */
		D61AAE601D20D685001FFFDB /* Resources */ = {
			isa = PBXResourcesBuildPhase;
			buildActionMask = 2147483647;
			files = (
				D61AAE751D20D685001FFFDB /* LaunchScreen.storyboard in Resources */,
				D61AAE721D20D685001FFFDB /* Assets.xcassets in Resources */,
				230065F821918C5300EA3601 /* sss@2x.png in Resources */,
			);
			runOnlyForDeploymentPostprocessing = 0;
		};
/* End PBXResourcesBuildPhase section */

/* Begin PBXSourcesBuildPhase section */
		D61AAE5E1D20D685001FFFDB /* Sources */ = {
			isa = PBXSourcesBuildPhase;
			buildActionMask = 2147483647;
			files = (
				D61AAE6D1D20D685001FFFDB /* ViewController.m in Sources */,
				D61AAE8D1D20D90C001FFFDB /* BannerView.m in Sources */,
				D61AAE6A1D20D685001FFFDB /* AppDelegate.m in Sources */,
				D61AAE891D20D828001FFFDB /* Global.m in Sources */,
				D61AAE8A1D20D828001FFFDB /* NSStringUtil.m in Sources */,
				D61AAE881D20D828001FFFDB /* CommonUtil.m in Sources */,
				D61AAE671D20D685001FFFDB /* main.m in Sources */,
				230065FB21918CAD00EA3601 /* KTPageControl.m in Sources */,
			);
			runOnlyForDeploymentPostprocessing = 0;
		};
/* End PBXSourcesBuildPhase section */

/* Begin PBXVariantGroup section */
		D61AAE731D20D685001FFFDB /* LaunchScreen.storyboard */ = {
			isa = PBXVariantGroup;
			children = (
				D61AAE741D20D685001FFFDB /* Base */,
			);
			name = LaunchScreen.storyboard;
			sourceTree = "<group>";
		};
/* End PBXVariantGroup section */

/* Begin XCBuildConfiguration section */
		D61AAE771D20D685001FFFDB /* Debug */ = {
			isa = XCBuildConfiguration;
			buildSettings = {
				ALWAYS_SEARCH_USER_PATHS = NO;
				CLANG_ANALYZER_NONNULL = YES;
				CLANG_CXX_LANGUAGE_STANDARD = "gnu++0x";
				CLANG_CXX_LIBRARY = "libc++";
				CLANG_ENABLE_MODULES = YES;
				CLANG_ENABLE_OBJC_ARC = YES;
				CLANG_WARN_BOOL_CONVERSION = YES;
				CLANG_WARN_CONSTANT_CONVERSION = YES;
				CLANG_WARN_DIRECT_OBJC_ISA_USAGE = YES_ERROR;
				CLANG_WARN_EMPTY_BODY = YES;
				CLANG_WARN_ENUM_CONVERSION = YES;
				CLANG_WARN_INT_CONVERSION = YES;
				CLANG_WARN_OBJC_ROOT_CLASS = YES_ERROR;
				CLANG_WARN_UNREACHABLE_CODE = YES;
				CLANG_WARN__DUPLICATE_METHOD_MATCH = YES;
				"CODE_SIGN_IDENTITY[sdk=iphoneos*]" = "iPhone Developer";
				COPY_PHASE_STRIP = NO;
				DEBUG_INFORMATION_FORMAT = dwarf;
				ENABLE_STRICT_OBJC_MSGSEND = YES;
				ENABLE_TESTABILITY = YES;
				GCC_C_LANGUAGE_STANDARD = gnu99;
				GCC_DYNAMIC_NO_PIC = NO;
				GCC_NO_COMMON_BLOCKS = YES;
				GCC_OPTIMIZATION_LEVEL = 0;
				GCC_PREPROCESSOR_DEFINITIONS = (
					"DEBUG=1",
					"$(inherited)",
				);
				GCC_WARN_64_TO_32_BIT_CONVERSION = YES;
				GCC_WARN_ABOUT_RETURN_TYPE = YES_ERROR;
				GCC_WARN_UNDECLARED_SELECTOR = YES;
				GCC_WARN_UNINITIALIZED_AUTOS = YES_AGGRESSIVE;
				GCC_WARN_UNUSED_FUNCTION = YES;
				GCC_WARN_UNUSED_VARIABLE = YES;
				IPHONEOS_DEPLOYMENT_TARGET = 9.3;
				MTL_ENABLE_DEBUG_INFO = YES;
				ONLY_ACTIVE_ARCH = YES;
				SDKROOT = iphoneos;
				TARGETED_DEVICE_FAMILY = "1,2";
			};
			name = Debug;
		};
		D61AAE781D20D685001FFFDB /* Release */ = {
			isa = XCBuildConfiguration;
			buildSettings = {
				ALWAYS_SEARCH_USER_PATHS = NO;
				CLANG_ANALYZER_NONNULL = YES;
				CLANG_CXX_LANGUAGE_STANDARD = "gnu++0x";
				CLANG_CXX_LIBRARY = "libc++";
				CLANG_ENABLE_MODULES = YES;
				CLANG_ENABLE_OBJC_ARC = YES;
				CLANG_WARN_BOOL_CONVERSION = YES;
				CLANG_WARN_CONSTANT_CONVERSION = YES;
				CLANG_WARN_DIRECT_OBJC_ISA_USAGE = YES_ERROR;
				CLANG_WARN_EMPTY_BODY = YES;
				CLANG_WARN_ENUM_CONVERSION = YES;
				CLANG_WARN_INT_CONVERSION = YES;
				CLANG_WARN_OBJC_ROOT_CLASS = YES_ERROR;
				CLANG_WARN_UNREACHABLE_CODE = YES;
				CLANG_WARN__DUPLICATE_METHOD_MATCH = YES;
				"CODE_SIGN_IDENTITY[sdk=iphoneos*]" = "iPhone Developer";
				COPY_PHASE_STRIP = NO;
				DEBUG_INFORMATION_FORMAT = "dwarf-with-dsym";
				ENABLE_NS_ASSERTIONS = NO;
				ENABLE_STRICT_OBJC_MSGSEND = YES;
				GCC_C_LANGUAGE_STANDARD = gnu99;
				GCC_NO_COMMON_BLOCKS = YES;
				GCC_WARN_64_TO_32_BIT_CONVERSION = YES;
				GCC_WARN_ABOUT_RETURN_TYPE = YES_ERROR;
				GCC_WARN_UNDECLARED_SELECTOR = YES;
				GCC_WARN_UNINITIALIZED_AUTOS = YES_AGGRESSIVE;
				GCC_WARN_UNUSED_FUNCTION = YES;
				GCC_WARN_UNUSED_VARIABLE = YES;
				IPHONEOS_DEPLOYMENT_TARGET = 9.3;
				MTL_ENABLE_DEBUG_INFO = NO;
				SDKROOT = iphoneos;
				TARGETED_DEVICE_FAMILY = "1,2";
				VALIDATE_PRODUCT = YES;
			};
			name = Release;
		};
		D61AAE7A1D20D685001FFFDB /* Debug */ = {
			isa = XCBuildConfiguration;
			buildSettings = {
				ASSETCATALOG_COMPILER_APPICON_NAME = AppIcon;
				INFOPLIST_FILE = TestBanner/Info.plist;
				IPHONEOS_DEPLOYMENT_TARGET = 8.0;
				LD_RUNPATH_SEARCH_PATHS = "$(inherited) @executable_path/Frameworks";
				PRODUCT_BUNDLE_IDENTIFIER = no.TestBanner;
				PRODUCT_NAME = "$(TARGET_NAME)";
			};
			name = Debug;
		};
		D61AAE7B1D20D685001FFFDB /* Release */ = {
			isa = XCBuildConfiguration;
			buildSettings = {
				ASSETCATALOG_COMPILER_APPICON_NAME = AppIcon;
				INFOPLIST_FILE = TestBanner/Info.plist;
				IPHONEOS_DEPLOYMENT_TARGET = 8.0;
				LD_RUNPATH_SEARCH_PATHS = "$(inherited) @executable_path/Frameworks";
				PRODUCT_BUNDLE_IDENTIFIER = no.TestBanner;
				PRODUCT_NAME = "$(TARGET_NAME)";
			};
			name = Release;
		};
/* End XCBuildConfiguration section */

/* Begin XCConfigurationList section */
		D61AAE5D1D20D685001FFFDB /* Build configuration list for PBXProject "TestBanner" */ = {
			isa = XCConfigurationList;
			buildConfigurations = (
				D61AAE771D20D685001FFFDB /* Debug */,
				D61AAE781D20D685001FFFDB /* Release */,
			);
			defaultConfigurationIsVisible = 0;
			defaultConfigurationName = Release;
		};
		D61AAE791D20D685001FFFDB /* Build configuration list for PBXNativeTarget "TestBanner" */ = {
			isa = XCConfigurationList;
			buildConfigurations = (
				D61AAE7A1D20D685001FFFDB /* Debug */,
				D61AAE7B1D20D685001FFFDB /* Release */,
			);
			defaultConfigurationIsVisible = 0;
			defaultConfigurationName = Release;
		};
/* End XCConfigurationList section */
	};
	rootObject = D61AAE5A1D20D685001FFFDB /* Project object */;
}
